
Microsoft Visual Studio Solution File, Format Version 12.00
# Visual Studio 15
VisualStudioVersion = 15.0.27130.2010
MinimumVisualStudioVersion = 10.0.40219.1
Project("{FAE04EC0-301F-11D3-BF4B-00C04F79EFBC}") = "HelloWorldWeb", "HelloWorldWeb\HelloWorldWeb.csproj", "{FB9ECAB9-A856-4F91-BF5E-CDFAE88F90AA}"
EndProject
Global
	GlobalSection(SolutionConfigurationPlatforms) = preSolution
		Debug|Any CPU = Debug|Any CPU
		Release|Any CPU = Release|Any CPU
	EndGlobalSection
	GlobalSection(ProjectConfigurationPlatforms) = postSolution
		{FB9ECAB9-A856-4F91-BF5E-CDFAE88F90AA}.Debug|Any CPU.ActiveCfg = Debug|Any CPU
		{FB9ECAB9-A856-4F91-BF5E-CDFAE88F90AA}.Debug|Any CPU.Build.0 = Debug|Any CPU
		{FB9ECAB9-A856-4F91-BF5E-CDFAE88F90AA}.Release|Any CPU.ActiveCfg = Release|Any CPU
		{FB9ECAB9-A856-4F91-BF5E-CDFAE88F90AA}.Release|Any CPU.Build.0 = Release|Any CPU
	EndGlobalSection
	GlobalSection(SolutionProperties) = preSolution
		HideSolutionNode = FALSE
	EndGlobalSection
	GlobalSection(ExtensibilityGlobals) = postSolution
		SolutionGuid = {5A2E37C8-FBF5-4697-85CA-6CD8DE12BE00}
	EndGlobalSection
EndGlobal
